github.com/bytedance/sonic v1.5.0/go.mod h1:ED5hyg4y6t3/9Ku1R6dU/4KyJ48DZ4jPhfY1O2AihPM=
github.com/bytedance/sonic v1.10.1 h1:7a1wuFXL1cMy7a3f7/VFcEtriuXQnUBhtoVfOZiaysc=
github.com/chenzhuoyu/base64x v0.0.0-20230717121745-296ad89f973d h1:77cEq6EriyTZ0g/qfRdp61a3Uu/AWrgIq2s0ClJV1g0=
github.com/davecgh/go-spew v1.1.1 h1:vj9j/u1bqnvCEfJOwUhtlOARqs3+rkHYY13jYWTU97c=
github.com/gin-contrib/cors v1.5.0 h1:DgGKV7DDoOn36DFkNtbHrjoRiT5ExCe+PC9/xp7aKvk=
github.com/gin-contrib/sse v0.1.0 h1:Y/yl/+YNO8GZSjAhjMsSuLt29uWRFHdHYUb5lYOV9qE=
github.com/gin-gonic/gin v1.9.1 h1:4idEAncQnU5cB7BeOkPtxjfCSye0AAm1R0RVIqJ+Jmg=
github.com/go-playground/locales v0.14.1 h1:EWaQ/wswjilfKLTECiXz7Rh+3BjFhfDFKv/oXslEjJA=
github.com/go-playground/universal-translator v0.18.1 h1:Bcnm0ZwsGyWbCzImXv+pAJnYK9S473LQFuzCbDbfSFY=
github.com/go-playground/validator/v10 v10.15.5 h1:LEBecTWb/1j5TNY1YYG2RcOUN3R7NLylN+x8TTueE24=
github.com/goccy/go-json v0.10.2 h1:CrxCmQqYDkv1z7lO7Wbh2HN93uovUHgrECaO5ZrCXAU=
github.com/golang-jwt/jwt v3.2.2+incompatible h1:IfV12K8xAKAnZqdXVzCZ+TOjboZ2keLg81eXfW3O+oY=
github.com/golang/protobuf v1.5.0/go.mod h1:FsONVRAS9T7sI+LIUmWTfcYkHO4aIWwzhcaSAoJOfIk=
github.com/golang/snappy v0.0.1 h1:Qgr9rKW7uDUkrbSmQeiDsGa8SjGyCOGtuasMWwvp2P4=
github.com/google/go-cmp v0.5.5/go.mod h1:v8dTdLbMG2kIc/vJvl+f65V22dbkXbowE6jgT/gNBxE=
github.com/google/gofuzz v1.0.0/go.mod h1:dBl0BpW6vV/+mYPU4Po3pmUjxk6FQPldtuIdl/M65Eg=
github.com/google/gopacket v1.1.19 h1:ves8RnFZPGiFnTS0uPQStjwru6uO6h+nlr9j6fL7kF8=
github.com/joho/godotenv v1.5.1 h1:7eLL/+HRGLY0ldzfGMeQkb7vMd0as4CfYvUVzLqw0N0=
github.com/klauspost/compress v1.13.6 h1:P76CopJELS0TiO2mebmnzgWaajssP/EszplttgQxcgc=
github.com/klauspost/cpuid/v2 v2.2.5 h1:0E5MSMDEoAulmXNFquVs//DdoomxaoTY1kUhbc/qbZg=
github.com/klauspost/cpuid/v2 v2.2.5/go.mod h1:LczlYfHLb3LWXuRUtB6ahWzzGvRDCMoMcI1gjZ5wUMU=
github.com/lib/pq v1.11.3 h1:wgoJp6crGve9oGfGTstJPat+5LK+Q2CTjW9UWdBRBZg=
github.com/mattn/go-isatty v0.0.4 h1:+Z3MhXG0en6I7lneRkevGYKPwo7YXgrWs0lWge9U9tM=
github.com/mattn/go-isatty v0.0.6 h1:Z+3Zc/fj/8ykOLcqlWOMGmgwR3Hw8nfuEnhaP5buq+k=
github.com/mattn/go-runewidth v0.0.12 h1:W1MP1ng5jx8b64xN7fNOHPj8uY5YKKUnAO+1Qh15uT0=
github.com/modern-go/concurrent v0.0.0-20180306012644-bacd9c7ef1dd h1:GTgtY9sMKn5ciTw9NQVcCku4fiD/0Nab6V4T0ZKcMx8=
github.com/nats-io/nuid v1.0.0/go.mod h1:pbUw8A7zx1iHQdhM93ue92nN6BRriu7fJZt6V6G1hdU=
github.com/nsqio/go-nsq v1.1.0/go.mod h1:Y6it56Ne5WDrV8DjGMaJEH9Gt6rKgyP2iVvrRg0zMFo=
github.com/onsi/ginkgo v1.16.2/go.mod h1:VTIovdBxfeyq/MH8wLTXozA5+vnR6rQsFpyAP7XHL9s=
github.com/onsi/gomega v1.10.5/go.mod h1:uH97fBDvzsqp6mSuHzKI+DkWD9eCr4AxLROH7UJgBQ0=
github.com/pkg/errors v0.9.1 h1:/e5l1CxJVV6ESU/7I8zJuv6eYE2r1t8FqpeVv2r8Stg=
github.com/pkg/errors v0.9.1/go.mod h1:vYpT8pM+jt9u6t3qqwFNbuvA+5F7FeEPPmEaOMHu8T8=
github.com/pkg/profile v1.2.1 h1:JZPTC/7uQhTW92sqTTl+My9CewSL2DsqSvz7fBSCp2E=
github.com/pmezard/go-difflib v1.0.0 h1:8lPxK2O4JY7gHjs4vseY8NUL2a6yK81ZNd6BccqZc8g=
github.com/pmezard/go-difflib v1.0.0/go.mod h1:vGxOS5Lb6fBQOC7GNIA4odDL+UU3mlKOy3M7s3C4PvM=
github.com/prometheus/client_golang v1.13.1/go.mod h1:GnDsRrYr/2nFweJ9UWTiEUDEs+k7n3e5NBjAB7TlqX4=
github.com/prometheus/client_model v0.0.0-20190812154241-14fe0d1b01d4 h1:MPRJ5i5jgNLv+ugstGg+5BLO7O1Tq2AfaGoCGw3MoGE=
github.com/prometheus/client_model v0.0.0-20190812154241-14fe0d1b01d4/go.mod h1:vZL6Qzw/eH0KK65UQLV2k/zSjOXZtZNN5ZT3LjW+wcM=
github.com/prometheus/common v0.26.0 h1:JTEUvwgFe9tzDR/qff8R0qnlW9nvJ7Ji2YjoRRAta1w=
github.com/prometheus/common v0.26.0/go.mod h1:yS4d3zBPm6YXKGJYxJx6Yf/CRONvM0xkxcoEnubC4uE=
github.com/prometheus/procfs v0.9.0 h1:gFnUZVv/qHd2aP/pj1Cfr5mebYe6Gfl0q8Ck1ZIcs/o=
github.com/prometheus/procfs v0.9.0/go.mod h1:VX56Z8bTKBPCuRr4Cnbhe+B0xl1XsJMC3txeOiqW87w=
github.com/prometheus/prometheus v2.23.0/go.mod h1:X2nHF44q4PPyT0rJEjgHtWlFgpDlE//w9SqgoS+eGcM=
github.com/pseudomuto/protoc-gen-doc v1.6.0/go.mod h1:J6M86C6By/uXrsO7Daxn0WJoFkabWn+URfBD9eZnGGU=
github.com/rakyll/statik v0.1.7/go.mod h1:nPlbXwX33ft9OQaDk3xzeM1Uvg0HwNZzFz45u1pYjY0=
github.com/rs/cors v1.7.0/go.mod h1:IG7kC+DkKA6QO/+DhFTrDNfAnRi0raATrFrmgy1WG8U=
github.com/rs/xid v1.2.1/go.mod h1:TnTbSHWFVtEY2V8e1U5XBjjJXdAL5TTtuv2w0vegYx0=
github.com/satori/go.uuid v1.2.0/go.mod h1:GGg62nvNn+/32PD9DF0eUKLQnyJuehR/qxYV7ZEOJ58=
github.com/sergi/go-diff v1.1.0/go.mod h1:GBh+GK2F5j5d5k3vRrrHkUmbyk/1z3c1ZBQrOJ/hBlM=
github.com/shurcooL/sanitized_anchor_name v1.0.0/go.mod h1:L/2iBjGFlYvJCPCOpYpSKL7fu5gSM/RWAqF5cnWpewY=
github.com/sirupsen/logrus v1.7.0 h1:+smlEkH5+8b5N5BhKYjJ30zmsxx+Y+2TyQ4Z7fdRk+c=
github.com/sirupsen/logrus v1.7.0/go.mod h1:XscBE3EhqZkyVe3A8+0Isu94+cI67lzh3yXZ9g3L72k=
github.com/spf13/afero v1.8.3/go.mod h1:mDl6rH/d0rjs9xqghXUT5cVpveQDZUz6A+5AM1cWz4U=
github.com/spf13/cast v1.4.1/go.mod h1:ZOM+GGmRg3vJHqExm0gD1MmMfRR6ZLyOBjJDhkLMC1Q=
github.com/spf13/cobra v1.0.0/go.mod h1:PuJZ1Pf50+TeI8tVUv5vxO1aHzqlsxAhUZPiFu0aF4Y=
github.com/spf13/cobra v1.1.1 h1:Z0WUUH56+LW1a2cQy6msf7sNu2feB+sIblgfuaxFuVI=
github.com/spf13/jwalterweatherman v1.0.0/go.mod h1:GFohL3s2q7Kk7LLFZuMy+8H8/ebGwe2r9PytpP6RD7g=
github.com/spf13/pflag v1.0.5/go.mod h1:XAW5lckDoRwZ8xnRVtGy+R1YrduA+L8Pp5KbOfD5fVE=
github.com/spf13/viper v1.12.3/go.mod h1:q6Tec/d2syVGKp/hxp+HH2YV30VFTFmvlJ9JkuIM0dk=
github.com/stretchr/objx v0.2.0 h1:L25g4Rf9pVXP89l8IRu06FIrt2+Cq3EWmp2AzOJ4U/I=
github.com/stretchr/objx v0.2.0/go.mod h1:hEQ8IH9gn+jilK77Z9TyzUvV75OveujWGyP+8ObJ2zM=
github.com/stretchr/testify v1.6.1 h1:aS9fUgTKLHwF6za6+M6Xc2LR/9ErWRyz3b2Gw6jRrxI=
github.com/stretchr/testify v1.6.1/go.mod h1:VxeG0P2F7ajk8gtyWEFnoy15Zp+qoc7Bl+Hff1Nx9+0=
github.com/tidwall/pretty v1.0.1/go.mod h1:g8DqN/SuhAmA6YN6vUtWqfh5zG6GqRaefJIabR25Ecs=
github.com/tidwall/sjson v1.8.2 h1:vULU3QzFZOTLxCZv1a81sFXB13JNfjAjH39Cmj7UCgU=
github.com/tidwall/sjson v1.8.2/go.mod h1:2+8pFcI+b7iY2/PnykqCPb4EosQF2Xo49uMTPlT5PtY=
github.com/tinylib/msgp v1.1.2/go.mod h1:14/lCJ3XKa1KFR8/KxZr+bZyRYl8l4NmQy8+s6sW2YI=
github.com/ulikunitz/xz v0.5.11 h1:fuZN/GyXl0+qXP5mMK2qwn8xNdqVCd2JTCrpuRrU2lw=
github.com/ulikunitz/xz v0.5.11/go.mod h1:yoEV2KReLp1+sdBo4dEzihIboJU5kp2ChY1YjRNoHX4=
github.com/urfave/cli v1.22.5/go.mod h1:W1w7MlzPF2xE28qcdWq3MF8MziRbZtfbOLP05ZUd8wI=
github.com/urfave/cli v1.24.0/go.mod h1:92AKmQIA0bkqS3QF8T9SY4eKFC3Zf7+2Mw1y3OSb6TQ=
github.com/vmihailenco/msgpack/v4 v4.2.1/go.mod h1:XzGTvWZm+XujhJXvgmPrYxDSKl2iMeEo6BEmVvcdjlk=
github.com/vmihailenco/msgpack/v5 v5.5.2 h1:Touo3F8hkhF5u3Al6x5WZftzMmX9FRoJ04kt6Q+VU1U=
github.com/vmihailenco/msgpack/v5 v5.5.2/go.mod h1:XzGTvWZm+XujhJXvgmPrYxDSKl2iMeEo6BEmVvcdjlk=
github.com/xordataexchange/crypt v0.0.3 h1:jhNnLbEfb5a/Fzi9tXLLky3rWjPom+N2Vtt56hDRoSE=
github.com/xordataexchange/crypt v0.0.3/go.mod h1:iVU+leqGXOy1tj7m6oGBI0qBSfA9FGL60pRlNMe3gz4=
github.com/xordataexchange/crypt v0.0.4 h1:yeCdXy2X78mv4ZNOXVSBRZSdzSqhss/s0NlMNOinS4I=
github.com/xordataexchange/crypt v0.0.4/go.mod h1:Jc+DyJXykl2gf3yfgoxZQCCdNivfcYRf7Z6oQrcYFh8=
go.opencensus.io v0.22.0 h1:hT/AaLoAtdkX9hEez7A9D4UqZXY+A9RYUhtv34B6cn0=
go.opencensus.io v0.22.0/go.mod h1:nVau9ZTssIuq98uM9QJALp4h3DdNzZkj0qT5pM6lzYU=
go.uber.org/atomic v1.7.0 h1:87a4wpwYpkjnRO8lm/F+u08VZq9d7Ia8WylFWkRr5u0=
go.uber.org/atomic v1.7.0/go.mod h1:d0VGzjRJ+0Dc/XJXQujS32uIQcuuRlZGLVm6AsAATf4=
go.uber.org/multierr v1.8.0 h1:Uosd1iI+u5c3E5mRzGLx9dRgy+C8N9vPxd86nb3PwE0=
go.uber.org/multierr v1.8.0/go.mod h1:97hT3+KVkggmlPpyPPKSSn6J2rLlbXqq7t3ugJFT62E=
go.uber.org/zap v1.16.0 h1:13lQZVS/5CsCTTSbktVrTtq5Vf11aKcfRZK1czW81mU=
go.uber.org/zap v1.16.0/go.mod h1:T/0lYRN7WCPvQYoOvVuFgC2B59fQli6hx1ZSf5JyXb0=
golang.org/x/crypto v0.0.0-20190308221718-c2843e01d9a2/go.mod h1:vc0LOeJU/qR6b+Y+u26vni0pysY2zqkejKrbeV8v0K4=
golang.org/x/crypto v0.0.0-20190605123033-f99c8df09eb5 h1:GoUyyz/w+HRr+IeMpTyRBe32YPg4eJ6mf6e9lPW4VHc=
golang.org/x/crypto v0.0.0-20190605123033-f99c8df09eb5/go.mod h1:vc0LOeJU/qR6b+Y+u26vni0pysY2zqkejKrbeV8v0K4=
golang.org/x/crypto v0.0.0-20191011191535-87dc89f01550 h1:qgdf+Zl2QtDy/5e9ScgIzHLjl+pm1+l0ebv5VHQteTQ=
golang.org/x/crypto v0.0.0-20191011191535-87dc89f01550/go.mod h1:vc0LOeJU/qR6b+Y+u26vni0pysY2zqkejKrbeV8v0K4=
golang.org/x/crypto v0.0.0-20200323165209-0ec3e9974c59/go.mod h1:vc0LOeJU/qR6b+Y+u26vni0pysY2zqkejKrbeV8v0K4=
golang.org/x/crypto v0.0.0-20201221181555-eec23a3978ad h1:qgdf+Zl2QtDy/5e9ScgIzHLjl+pm1+l0ebv5VHQteTQ=
golang.org/x/crypto v0.0.0-20201221181555-eec23a3978ad/go.mod h1:vc0LOeJU/qR6b+Y+u26vni0pysY2zqkejKrbeV8v0K4=
golang.org/x/net v0.0.0-20190522155817-f3200d17e092/go.mod h1:4r4FmZzKmaG5V1F9sGibG/BtQSCi3U5pO6+qWt8tIMs=
golang.org/x/net v0.0.0-20190603091049-60506f45cf65/go.mod h1:GOd8aX7+5QBWr8lQx9CA4p0Plgj1FvG7PiVsZAdoD3w=
golang.org/x/net v0.0.0-20191007024506-8745567591f7/go.mod h1:fp6qiwrNUpXdr37EN7Q3Q7qf59c7krgPNzU6WD6OFoM=
golang.org/x/net v0.0.0-20191111062122-cd5e9a7a1e79/go.mod h1:9aUygKG0C2j9bYbMbhe+bb9CByz0k7+sHeR36qGV6jM=
golang.org/x/net v0.0.0-20200202094626-16171245cfb2/go.mod h1:fp6qiwrNUpXdr37EN7Q3Q7qf59c7krgPNzU6WD6OFoM=
golang.org/x/net v0.0.0-20200222125558-5a598a2470ca/go.mod h1:7CjPJpOzlPYuCnOjZHrcBxUZm0nucNZy8DpA2LkoXAE=
golang.org/x/net v0.0.0-20200301022130-244492dfa37a/go.mod h1:fp6qiwrNUpXdr37EN7Q3Q7qf59c7krgPNzU6WD6OFoM=
golang.org/x/net v0.0.0-20200324143707-d3edc9973b7e h1:7/p2TBO3br5O0GzhD8LBs/5b0mBE7nh8PPeS2QQtEz0=
golang.org/x/net v0.0.0-20200324143707-d3edc9973b7e/go.mod h1:fp6qiwrNUpXdr37EN7Q3Q7qf59c7krgPNzU6WD6OFoM=
golang.org/x/net v0.0.0-20200501053045-e0ff5e5a1de5 h1:e1NJ7P1hA4dVEAQLIuJuQxtwywNcJKS0uQk+i6Oy2O4=
golang.org/x/net v0.0.0-20200501053045-e0ff5e5a1de5/go.mod h1:RwPwGtcaDJtX8NSiSdX21d9i21/yrYdOr3VmV5ljhPM=
golang.org/x/net v0.0.0-20200625001655-4c6bfdfaff37 h1:ZCoFL5WiTSDA2f0TEC5PtLRNar9AphZTTAIm1fB69Qo=
golang.org/x/net v0.0.0-20200625001655-4c6bfdfaff37/go.mod h1:RwPwGtcaDJtX8NSiSdX21d9i21/yrYdOr3VmV5ljhPM=
golang.org/x/net v0.0.0-20201021035429-f5854401db5d h1:ALgXqGp1grl3u0cTHBcwa1M1Gc9B4fk4Kz0sh+Ct5eE=
golang.org/x/net v0.0.0-20201021035429-f5854401db5d/go.mod h1:WlD/3/U4Dt9abTbEmfuw+L5mtkg6sFZCsdjG5sOLfoI=
golang.org/x/net v0.0.0-20201110031124-69a78807bb2b h1:5m9r4ddMCAFXmY3e4D3dnzlb3v2vmYaSH2Qqbd2Ogy0=
golang.org/x/net v0.0.0-20201110031124-69a78807bb2b/go.mod h1:WlD/3/U4Dt9abTbEmfuw+L5mtkg6sFZCsdjG5sOLfoI=
golang.org/x/net v0.0.0-20201202161655-22b4f4f7497d h1:hMrMbkZimNi1IB2jjtnV8mcoA0Gw+3iqs0pi+ZbPjN0=
golang.org/x/net v0.0.0-20201202161655-22b4f4f7497d/go.mod h1:WlD/3/U4Dt9abTbEmfuw+L5mtkg6sFZCsdjG5sOLfoI=
golang.org/x/net v0.0.0-20201210184307-4dfd4e52bc06 h1:QFRv0ibbXjiEm6Oa14S6IB6iLFez0nmp14Wso9msy8w=
golang.org/x/net v0.0.0-20201210184307-4dfd4e52bc06/go.mod h1:WlD/3/U4Dt9abTbEmfuw+L5mtkg6sFZCsdjG5sOLfoI=
golang.org/x/net v0.0.0-20201223171343-61c29695e7d7 h1:7KV1MZ0mJhp5Eo5/1Q8NkwKj3R8j6UR3u6aeMheQwhU=
golang.org/x/net v0.0.0-20201223171343-61c29695e7d7/go.mod h1:WlD/3/U4Dt9abTbEmfuw+L5mtkg6sFZCsdjG5sOLfoI=
golang.org/x/net v0.0.0-20210226172049-e18ecbb05110 h1:5zF8DMeU/r8gMDrEgr1Dd0JN9SiZtzQCk+n9KD2Ae18=
golang.org/x/net v0.0.0-20210226172049-e18ecbb05110/go.mod h1:WlD/3/U4Dt9abTbEmfuw+L5mtkg6sFZCsdjG5sOLfoI=
golang.org/x/net v0.0.0-20210401152447-81edc0f4f4f5 h1:b5b9l9phIF5q5jjOL4Yrjzxkjv9A+cj5N63yY0aAlfE=
golang.org/x/net v0.0.0-20210401152447-81edc0f4f4f5/go.mod h1:WlD/3/U4Dt9abTbEmfuw+L5mtkg6sFZCsdjG5sOLfoI=
golang.org/x/net v0.0.0-20210520150823-282f5d48a18c h1:oULRUPYdnTD41sXAFtF7fKwOO1NKYkDkE9mijqxnT+I=
golang.org/x/net v0.0.0-20210520150823-282f5d48a18c/go.mod h1:WlD/3/U4Dt9abTbEmfuw+L5mtkg6sFZCsdjG5sOLfoI=
golang.org/x/net v0.0.0-20210614182719-e67ef08f823d h1:tuZMZWFyxQa9H/F/LUSbXFForFyT3enpEYAiTYBe2lY=
golang.org/x/net v0.0.0-20210614182719-e67ef08f823d/go.mod h1:WlD/3/U4Dt9abTbEmfuw+L5mtkg6sFZCsdjG5sOLfoI=
golang.org/x/net v0.0.0-20210625002716-15b5df16d5af h1:Imyw1AYF/DXBrGnLM2eJfyVb8n2VsM1eJYy6u8zRVyE=
golang.org/x/net v0.0.0-20210625002716-15b5df16d5af/go.mod h1:WlD/3/U4Dt9abTbEmfuw+L5mtkg6sFZCsdjG5sOLfoI=
golang.org/x/net v0.0.0-20210701183727-45ab17880057 h1:7OZ0NO60qZ0Xnso5CgPDEZj1ncYWAaVwhZ2M9f08jrk=
golang.org/x/net v0.0.0-20210701183727-45ab17880057/go.mod h1:fp6qiwrNUpXdr37EN7Q3Q7qf59c7krgPNzU6WD6OFoM=
golang.org/x/net v0.0.0-20210729101858-626aa22e9e3a h1:QH+Kjg9sIIVNivwX8n2YJ2NJdfPdQB+Z/Rodzm/gJTY=
golang.org/x/net v0.0.0-20210729101858-626aa22e9e3a/go.mod h1:fp6qiwrNUpXdr37EN7Q3Q7qf59c7krgPNzU6WD6OFoM=
golang.org/x/net v0.0.0-20211010020311-1d8a32d4a9d9 h1:wETfVux7T8rAdJFPlz22/SuoG/+U2ftUw1bZf4Cpjn0=
golang.org/x/net v0.0.0-20211010020311-1d8a32d4a9d9/go.mod h1:fp6qiwrNUpXdr37EN7Q3Q7qf59c7krgPNzU6WD6OFoM=
golang.org/x/net v0.0.0-20211217100213-6e40109a41fc h1:cZG7tc/5vZDujm16s+E+Hzzlf7IN1v6Cwqox/aCiexg=
golang.org/x/net v0.0.0-20211217100213-6e40109a41fc/go.mod h1:WlD/3/U4Dt9abTbEmfuw+L5mtkg6sFZCsdjG5sOLfoI=
golang.org/x/sys v0.0.0-20180905080454-ebe1bf3edb33/go.mod h1:0LMyHo8FrZK6LtHj9XM1HuyMtWeO29wUgJwA4sfvF6A=
golang.org/x/sys v0.0.0-20181205085412-a2bf48da84b7/go.mod h1:0LMyHo8FrZK6LtHj9XM1HuyMtWeO29wUgJwA4sfvF6A=
golang.org/x/sys v0.0.0-20190215142949-d0b11bdaac8a/go.mod h1:0LMyHo8FrZK6LtHj9XM1HuyMtWeO29wUgJwA4sfvF6A=
golang.org/x/sys v0.0.0-20190412213103-97732733099d/go.mod h1:0LMyHo8FrZK6LtHj9XM1HuyMtWeO29wUgJwA4sfvF6A=
golang.org/x/sys v0.0.0-20190422165155-953cdadca894/go.mod h1:0LMyHo8FrZK6LtHj9XM1HuyMtWeO29wUgJwA4sfvF6A=
golang.org/x/sys v0.0.0-20190502145724-e391c71f1129/go.mod h1:0LMyHo8FrZK6LtHj9XM1HuyMtWeO29wUgJwA4sfvF6A=
golang.org/x/sys v0.0.0-20190502175943-ae47a22c23d8/go.mod h1:0LMyHo8FrZK6LtHj9XM1HuyMtWeO29wUgJwA4sfvF6A=
golang.org/x/sys v0.0.0-20190606165138-5dcb5f2d8365/go.mod h1:0LMyHo8FrZK6LtHj9XM1HuyMtWeO29wUgJwA4sfvF6A=
golang.org/x/sys v0.0.0-20190813064441-fde4db37ae7a/go.mod h1:0LMyHo8FrZK6LtHj9XM1HuyMtWeO29wUgJwA4sfvF6A=
golang.org/x/sys v0.0.0-20190826182912-8c3a5ce4d160/go.mod h1:0LMyHo8FrZK6LtHj9XM1HuyMtWeO29wUgJwA4sfvF6A=
golang.org/x/sys v0.0.0-20190904154756-0924bf98d845/go.mod h1:0LMyHo8FrZK6LtHj9XM1HuyMtWeO29wUgJwA4sfvF6A=
golang.org/x/sys v0.0.0-20190911160401-0953be20a2f6/go.mod h1:0LMyHo8FrZK6LtHj9XM1HuyMtWeO29wUgJwA4sfvF6A=
golang.org/x/sys v0.0.0-20191001151750-b5a8da5d92e7/go.mod h1:0LMyHo8FrZK6LtHj9XM1HuyMtWeO29wUgJwA4sfvF6A=
golang.org/x/sys v0.0.0-20191026070338-33540a1f6037/go.mod h1:0LMyHo8FrZK6LtHj9XM1HuyMtWeO29wUgJwA4sfvF6A=
golang.org/x/sys v0.0.0-20191204072324-ce4227a45e2e/go.mod h1:0LMyHo8FrZK6LtHj9XM1HuyMtWeO29wUgJwA4sfvF6A=
golang.org/x/sys v0.0.0-20191212012832-a78e1e9b930b/go.mod h1:0LMyHo8FrZK6LtHj9XM1HuyMtWeO29wUgJwA4sfvF6A=
golang.org/x/sys v0.0.0-20191228190648-28101d691520/go.mod h1:0LMyHo8FrZK6LtHj9XM1HuyMtWeO29wUgJwA4sfvF6A=
golang.org/x/sys v0.0.0-20200113162924-86b9101dcd98/go.mod h1:0LMyHo8FrZK6LtHj9XM1HuyMtWeO29wUgJwA4sfvF6A=
golang.org/x/sys v0.0.0-20200124154548-62b6777c15a2/go.mod h1:0LMyHo8FrZK6LtHj9XM1HuyMtWeO29wUgJwA4sfvF6A=
golang.org/x/sys v0.0.0-20200202164722-d101bd1c7c0e/go.mod h1:0LMyHo8FrZK6LtHj9XM1HuyMtWeO29wUgJwA4sfvF6A=
golang.org/x/sys v0.0.0-20200205110525-4cae36a5ccbe/go.mod h1:0LMyHo8FrZK6LtHj9XM1HuyMtWeO29wUgJwA4sfvF6A=
golang.org/x/sys v0.0.0-20200212091648-12c26fd9015e/go.mod h1:0LMyHo8FrZK6LtHj9XM1HuyMtWeO29wUgJwA4sfvF6A=
golang.org/x/sys v0.0.0-20200302150141-5c8b2ff67527/go.mod h1:0LMyHo8FrZK6LtHj9XM1HuyMtWeO29wUgJwA4sfvF6A=
golang.org/x/sys v0.0.0-20200317014053-cdc4c8ff4302/go.mod h1:0LMyHo8FrZK6LtHj9XM1HuyMtWeO29wUgJwA4sfvF6A=
golang.org/x/sys v0.0.0-20200331124033-c3d80250170d/go.mod h1:0LMyHo8FrZK6LtHj9XM1HuyMtWeO29wUgJwA4sfvF6A=
golang.org/x/sys v0.0.0-20200420165650-5ca2691c5a22/go.mod h1:0LMyHo8FrZK6LtHj9XM1HuyMtWeO29wUgJwA4sfvF6A=
golang.org/x/sys v0.0.0-20200507142649-fd0b38fe99b5/go.mod h1:0LMyHo8FrZK6LtHj9XM1HuyMtWeO29wUgJwA4sfvF6A=
golang.org/x/sys v0.0.0-20200511160826-f7e99dfbb2fc/go.mod h1:0LMyHo8FrZK6LtHj9XM1HuyMtWeO29wUgJwA4sfvF6A=
golang.org/x/sys v0.0.0-20200513203335-49a4745016ed/go.mod h1:0LMyHo8FrZK6LtHj9XM1HuyMtWeO29wUgJwA4sfvF6A=
golang.org/x/sys v0.0.0-20200602185954-57d28f19fabb/go.mod h1:0LMyHo8FrZK6LtHj9XM1HuyMtWeO29wUgJwA4sfvF6A=
golang.org/x/sys v0.0.0-20200616073057-8c29af121d58/go.mod h1:0LMyHo8FrZK6LtHj9XM1HuyMtWeO29wUgJwA4sfvF6A=
golang.org/x/sys v0.0.0-20200716001939-b3319f97dece/go.mod h1:0LMyHo8FrZK6LtHj9XM1HuyMtWeO29wUgJwA4sfvF6A=
golang.org/x/sys v0.0.0-20200803210538-64077c9b5642/go.mod h1:0LMyHo8FrZK6LtHj9XM1HuyMtWeO29wUgJwA4sfvF6A=
golang.org/x/sys v0.0.0-20200828185137-fde0ff4c9df7/go.mod h1:0LMyHo8FrZK6LtHj9XM1HuyMtWeO29wUgJwA4sfvF6A=
golang.org/x/sys v0.0.0-20200905004654-be1d3432aa8f/go.mod h1:0LMyHo8FrZK6LtHj9XM1HuyMtWeO29wUgJwA4sfvF6A=
golang.org/x/sys v0.0.0-20200909141835-509ae9ae86e1/go.mod h1:0LMyHo8FrZK6LtHj9XM1HuyMtWeO29wUgJwA4sfvF6A=
golang.org/x/sys v0.0.0-20200922043854-742c48d3107c/go.mod h1:0LMyHo8FrZK6LtHj9XM1HuyMtWeO29wUgJwA4sfvF6A=
golang.org/x/sys v0.0.0-20201010224149-fba932c47d2a/go.mod h1:0LMyHo8FrZK6LtHj9XM1HuyMtWeO29wUgJwA4sfvF6A=
golang.org/x/sys v0.0.0-20201025231505-4d3d20e75a5b/go.mod h1:0LMyHo8FrZK6LtHj9XM1HuyMtWeO29wUgJwA4sfvF6A=
golang.org/x/sys v0.0.0-20201119102817-f84b799fce68/go.mod h1:0LMyHo8FrZK6LtHj9XM1HuyMtWeO29wUgJwA4sfvF6A=
golang.org/x/sys v0.0.0-20201125174345-36e48f5089b8/go.mod h1:0LMyHo8FrZK6LtHj9XM1HuyMtWeO29wUgJwA4sfvF6A=
golang.org/x/sys v0.0.0-20201202173712-68bc1b59e3da/go.mod h1:0LMyHo8FrZK6LtHj9XM1HuyMtWeO29wUgJwA4sfvF6A=
golang.org/x/sys v0.0.0-20201222211407-6ce6bfb63379/go.mod h1:0LMyHo8FrZK6LtHj9XM1HuyMtWeO29wUgJwA4sfvF6A=
golang.org/x/sys v0.0.0-20210119212857-b64e53b001e2/go.mod h1:0LMyHo8FrZK6LtHj9XM1HuyMtWeO29wUgJwA4sfvF6A=
golang.org/x/sys v0.0.0-20210130043613-06ce57fb587e/go.mod h1:0LMyHo8FrZK6LtHj9XM1HuyMtWeO29wUgJwA4sfvF6A=
golang.org/x/sys v0.0.0-20210320053704-9e0ca65d04f5/go.mod h1:0LMyHo8FrZK6LtHj9XM1HuyMtWeO29wUgJwA4sfvF6A=
golang.org/x/sys v0.0.0-20210420134218-e530c4d7c148/go.mod h1:0LMyHo8FrZK6LtHj9XM1HuyMtWeO29wUgJwA4sfvF6A=
github.com/creack/goselect v0.1.2/go.mod h1:a/NhLweNvqIYMuxcMOuWY516Cimucms3DglDzQP3hKY=
github.com/davecgh/go-spew v1.1.1/go.mod h1:J7Y8YcW2NihsgmVo/mv3lAwl/skON4iLHjSsI+c5H38=
github.com/golang/snappy v0.0.1/go.mod h1:/XxbfmMg8lxefKM7IXC3fBNl/7bRcc72aCRzEWrmP2Q=
github.com/google/go-cmp v0.5.2/go.mod h1:v8dTdLbMG2kIc/vJvl+f65V22dbkXbowE6jgT/gNBxE=
github.com/google/gopacket v1.1.19/go.mod h1:iJ8V8n6KS+z2U1A8pUwu8bW5SyEMkXJB8Yo/Vo+TKTo=
github.com/joho/godotenv v1.5.1/go.mod h1:f4LDr5Voq0i2e/R5DDNOoa2zzDfwtkZa6DnEwAbqwq4=
github.com/klauspost/compress v1.13.6/go.mod h1:/3/Vjq9QcHkK5uEr5lBEmyoZ1iFhe47etQ6QUkpK6sk=
github.com/montanaflynn/stats v0.0.0-20171201202039-1bf9dbcd8cbe/go.mod h1:wL8QJuTMNUDYhXwkmfOly8iTdp5TEcJFWZD2D7SIkUc=
github.com/xdg-go/pbkdf2 v1.0.0/go.mod h1:jrpuAogTd400dnrH08LKmI/xc1MbPOebTwRqcT5RDeI=
github.com/xdg-go/scram v1.1.2/go.mod h1:RT/sEzTbU5y00aCK8UOx6R7YryM0iF1N2MOmC3kKLN4=
github.com/xdg-go/stringprep v1.0.4/go.mod h1:mPGuuIYwz7CmR2bT9j4GbQqutWS1zV24gijq1dTyGkM=
github.com/youmark/pkcs8 v0.0.0-20181117223130-1be2e3e5546d/go.mod h1:rHwXgn7JulP+udvsHwJoVG1YGAP6VLg4y9I5dyZdqmA=
github.com/yuin/goldmark v1.4.13/go.mod h1:6yULJ656Px+3vBD8DxQVa3kxgyrAnzto9xy5taEt/CY=
go.bug.st/serial v1.6.2/go.mod h1:UABfsluHAiaNI+La2iESysd9Vetq7VRdpxvjx7CmmOE=
go.mongodb.org/mongo-driver v1.13.1/go.mod h1:wcDf1JBCXy2mOW0bWHwO/IOYqdca1MPCwDtFu/Z9+eo=
golang.org/x/crypto v0.0.0-20190308221718-c2843e01d9a2/go.mod h1:djNgcEr1/C05ACkg1iLfiJU5Ep61QUkGW8qpdssI0+w=
golang.org/x/crypto v0.0.0-20191011191535-87dc89f01550/go.mod h1:yigFU9vqHzYiE8UmvKecakEJjdnWj3jj499lnFckfCI=
golang.org/x/crypto v0.0.0-20210921155107-089bfa567519/go.mod h1:GvvjBRRGRdwPK5ydBHafDWAxML/pGHZbMvKqRZ5+Abc=
golang.org/x/crypto v0.0.0-20220622213112-05595931fe9d/go.mod h1:IxCIyHEi3zRg3s0A5j5BB6A9Jmi73HwBIUl50j+osU4=
golang.org/x/lint v0.0.0-20200302205851-738671d3881b/go.mod h1:3xt1FjdF8hUf6vQPIChWIBhFzV8gjjsPE/fR3IyQdNY=
golang.org/x/mod v0.1.1-0.20191105210325-c90efee705ee/go.mod h1:QqPTAvyqsEbceGzBzNggFXnrqF1CaUcvgkdR5Ot7KZg=
golang.org/x/mod v0.6.0-dev.0.20220419223038-86c51ed26bb4/go.mod h1:jJ57K6gSWd91VN4djpZkiMVwK6gcyfeH4XE8wZrZaV4=
golang.org/x/net v0.0.0-20190404232315-eb5bcb51f2a3/go.mod h1:t9HGtf8HONx5eT2rtn7q6eTqICYqUVnKs3thJo3Qplg=
golang.org/x/net v0.0.0-20190620200207-3b0461eec859/go.mod h1:z5CRVTTTmAJ677TzLLGU+0bjPO0LkuOLi4/5GtJWs/s=
golang.org/x/net v0.0.0-20210226172049-e18ecbb05110/go.mod h1:m0MpNAwzfU5UDzcl9v0D8zg8gWTRqZa9RBIspLL5mdg=
golang.org/x/net v0.0.0-20211112202133-69e39bad7dc2/go.mod h1:9nx3DQGgdP8bBQD5qxJ1jj9UTztislL4KSBs9R2vV5Y=
golang.org/x/net v0.0.0-20220722155237-a158d28d115b/go.mod h1:XRhObCWvk6IyKnWLug+ECip1KBveYUHfp+8e9klMJ9c=
golang.org/x/sync v0.0.0-20190423024810-112230192c58/go.mod h1:RxMgew5VJxzue5/jJTE5uejpjVlOe/izrB70Jof72aM=
golang.org/x/sync v0.0.0-20220722155255-886fb9371eb4/go.mod h1:RxMgew5VJxzue5/jJTE5uejpjVlOe/izrB70Jof72aM=
golang.org/x/sys v0.0.0-20190215142949-d0b11bdaac8a/go.mod h1:STP8DvDyc/dI5b8T5hshtkjS+E42TnysNCUPdjciGhY=
golang.org/x/sys v0.0.0-20190412213103-97732733099d/go.mod h1:h1NjWce9XRLGQEsW7wpKNCjG9DtNlClVuFLEZdDNbEs=
golang.org/x/sys v0.0.0-20201119102817-f84b799fce68/go.mod h1:h1NjWce9XRLGQEsW7wpKNCjG9DtNlClVuFLEZdDNbEs=
golang.org/x/sys v0.0.0-20210423082822-04245dca01da/go.mod h1:h1NjWce9XRLGQEsW7wpKNCjG9DtNlClVuFLEZdDNbEs=
golang.org/x/sys v0.0.0-20210615035016-665e8c7367d1/go.mod h1:oPkhp1MJrh7nUepCBck5+mAzfO9JrbApNNgaTdGDITg=
golang.org/x/sys v0.0.0-20220520151302-bc2c85ada10a/go.mod h1:oPkhp1MJrh7nUepCBck5+mAzfO9JrbApNNgaTdGDITg=
golang.org/x/sys v0.0.0-20220722155257-8c9f86f7a55f/go.mod h1:oPkhp1MJrh7nUepCBck5+mAzfO9JrbApNNgaTdGDITg=
golang.org/x/sys v0.0.0-20220829200755-d48e67d00261/go.mod h1:oPkhp1MJrh7nUepCBck5+mAzfO9JrbApNNgaTdGDITg=
golang.org/x/term v0.0.0-20201126162022-7de9c90e9dd1/go.mod h1:bj7SfCRtBDWHUb9snDiAeCFNEtKQo2Wmx5Cou7ajbmo=
golang.org/x/term v0.0.0-20210927222741-03fcf44c2211/go.mod h1:jbD1KX2456YbFQfuXm/mYQcufACuNUgVhRMnK/tPxf8=
golang.org/x/text v0.3.0/go.mod h1:NqM8EUOU14njkJ3fqMW+pc6Ldnwhi/IjpwHt7yyuwOQ=
golang.org/x/text v0.3.3/go.mod h1:5Zoc/QRtKVWzQhOtBMvqHzDpF6irO9z98xDceosuGiQ=
golang.org/x/text v0.3.6/go.mod h1:5Zoc/QRtKVWzQhOtBMvqHzDpF6irO9z98xDceosuGiQ=
golang.org/x/text v0.3.7/go.mod h1:u+2+/6zg+i71rQMx5EYifcz6MCKuco9NR6JIITiCfzQ=
golang.org/x/text v0.3.8/go.mod h1:E6s5w1FMmriuDzIBO73fBruAKo1PCIq6d2Q6DHfQ8WQ=
golang.org/x/text v0.7.0/go.mod h1:mrYo+phRRbMaCq/xk9113O4dZlRixOauAjOtrjsXDZ8=
golang.org/x/tools v0.0.0-20180917221912-90fa682c2a6e/go.mod h1:n7NCudcB/nEzxVGmLbDWY5pfWTLqBcC2KZ6jyYvM4mQ=
golang.org/x/tools v0.0.0-20191119224855-298f0cb1881e/go.mod h1:b+2E5dAYhXwXZwtnZ6UAqBI28+e2cm9otk0dWdXHAEo=
golang.org/x/tools v0.0.0-20200130002326-2f3ba24bd6e7/go.mod h1:TB2adYChydJhpapKDTa4BR/hXlZSLoq2Wpct/0txZ28=
golang.org/x/tools v0.1.12/go.mod h1:hNGJHUnrk76NpqgfD5Aqm5Crs+Hm0VOH/i9J2+nxYbc=
golang.org/x/xerrors v0.0.0-20190717185122-a985d3407aa7/go.mod h1:I/5z698sn9Ka8TeJc9MKroUUfqBBauWjQqLJ2OPfmY0=
golang.org/x/xerrors v0.0.0-20191011141410-1b5146add898/go.mod h1:I/5z698sn9Ka8TeJc9MKroUUfqBBauWjQqLJ2OPfmY0=
golang.org/x/xerrors v0.0.0-20191204190536-9bdfabe68543/go.mod h1:I/5z698sn9Ka8TeJc9MKroUUfqBBauWjQqLJ2OPfmY0=